<?xml version="1.0" encoding="UTF-8" standalone="yes" ?>
<CodeBlocks_project_file>
	<FileVersion major="1" minor="6" />
	<Project>
		<Option title="SimpleAudio" />
		<Option pch_mode="2" />
		<Option compiler="gcc" />
		<Build>
			<Target title="Debug">
				<Option output="bin/Debug/SimpleAudio" prefix_auto="1" extension_auto="1" />
				<Option working_dir="" />
				<Option object_output="obj/Debug/" />
				<Option type="2" />
				<Option compiler="gcc" />
				<Option createDefFile="1" />
				<Compiler>
					<Add option="-Wall" />
					<Add option="-g" />
				</Compiler>
			</Target>
			<Target title="Release">
				<Option output="bin/Release/SimpleAudio" prefix_auto="1" extension_auto="1" />
				<Option working_dir="" />
				<Option object_output="obj/Release/" />
				<Option type="2" />
				<Option compiler="gcc" />
				<Option createDefFile="1" />
				<Compiler>
					<Add option="-Wall" />
					<Add option="-O2" />
				</Compiler>
				<Linker>
					<Add option="-s" />
				</Linker>
			</Target>
		</Build>
		<Compiler>
			<Add option="-std=c++11" />
			<Add directory="../SimpleAudio/thirdparty/include" />
		</Compiler>
		<Unit filename="../SimpleAudio/src/AudioPlayer.cpp" />
		<Unit filename="../SimpleAudio/src/AudioPlayer.h" />
		<Unit filename="../SimpleAudio/src/NullPlayer.cpp" />
		<Unit filename="../SimpleAudio/src/NullPlayer.h" />
		<Unit filename="../SimpleAudio/src/NullSound.cpp" />
		<Unit filename="../SimpleAudio/src/NullSound.h" />
		<Unit filename="../SimpleAudio/src/OggFile.cpp" />
		<Unit filename="../SimpleAudio/src/OggFile.h" />
		<Unit filename="../SimpleAudio/src/SimpleAudio.h" />
		<Unit filename="../SimpleAudio/src/Sound.cpp" />
		<Unit filename="../SimpleAudio/src/Sound.h" />
		<Unit filename="../SimpleAudio/src/WaveFile.cpp" />
		<Unit filename="../SimpleAudio/src/WaveFile.h" />
		<Unit filename="../SimpleAudio/src/WinMMPlayer.cpp" />
		<Unit filename="../SimpleAudio/src/WinMMPlayer.h" />
		<Unit filename="../SimpleAudio/src/XAudio2Player.cpp" />
		<Unit filename="../SimpleAudio/src/XAudio2Player.h" />
		<Unit filename="../SimpleAudio/src/stb_vorbis.c">
			<Option compilerVar="CC" />
		</Unit>
		<Unit filename="../SimpleAudio/src/stb_vorbis.h" />
		<Extensions>
			<code_completion />
			<envvars />
			<debugger />
		</Extensions>
	</Project>
</CodeBlocks_project_file>
